
Microsoft Visual Studio Solution File, Format Version 12.00
# Visual Studio Version 16
VisualStudioVersion = 16.0.30011.22
MinimumVisualStudioVersion = 10.0.40219.1
Project("{FAE04EC0-301F-11D3-BF4B-00C04F79EFBC}") = "ControlInventario", "ControlInventario\ControlInventario.csproj", "{E8CECEE4-3EC9-4329-9115-1E464AE24FCE}"
EndProject
Global
	GlobalSection(SolutionConfigurationPlatforms) = preSolution
		Debug|Any CPU = Debug|Any CPU
		Release|Any CPU = Release|Any CPU
	EndGlobalSection
	GlobalSection(ProjectConfigurationPlatforms) = postSolution
		{E8CECEE4-3EC9-4329-9115-1E464AE24FCE}.Debug|Any CPU.ActiveCfg = Debug|Any CPU
		{E8CECEE4-3EC9-4329-9115-1E464AE24FCE}.Debug|Any CPU.Build.0 = Debug|Any CPU
		{E8CECEE4-3EC9-4329-9115-1E464AE24FCE}.Release|Any CPU.ActiveCfg = Release|Any CPU
		{E8CECEE4-3EC9-4329-9115-1E464AE24FCE}.Release|Any CPU.Build.0 = Release|Any CPU
	EndGlobalSection
	GlobalSection(SolutionProperties) = preSolution
		HideSolutionNode = FALSE
	EndGlobalSection
	GlobalSection(ExtensibilityGlobals) = postSolution
		SolutionGuid = {A885F699-85E4-4FCD-9275-EE2547CA661D}
	EndGlobalSection
EndGlobal
